
Microsoft Visual Studio Solution File, Format Version 12.00
# Visual Studio Version 16
VisualStudioVersion = 16.0.31313.79
MinimumVisualStudioVersion = 10.0.40219.1
Project("{FAE04EC0-301F-11D3-BF4B-00C04F79EFBC}") = "Dummy", "Dummy\Dummy.csproj", "{589FA0F0-53BA-471B-9A9F-0B1962A493BA}"
EndProject
Project("{FAE04EC0-301F-11D3-BF4B-00C04F79EFBC}") = "TestProject1", "TestProject1\TestProject1.csproj", "{926D7787-8A48-4AF3-81C5-55E6C7A9B7BE}"
EndProject
Global
	GlobalSection(SolutionConfigurationPlatforms) = preSolution
		Debug|Any CPU = Debug|Any CPU
		Release|Any CPU = Release|Any CPU
	EndGlobalSection
	GlobalSection(ProjectConfigurationPlatforms) = postSolution
		{589FA0F0-53BA-471B-9A9F-0B1962A493BA}.Debug|Any CPU.ActiveCfg = Debug|Any CPU
		{589FA0F0-53BA-471B-9A9F-0B1962A493BA}.Debug|Any CPU.Build.0 = Debug|Any CPU
		{589FA0F0-53BA-471B-9A9F-0B1962A493BA}.Release|Any CPU.ActiveCfg = Release|Any CPU
		{589FA0F0-53BA-471B-9A9F-0B1962A493BA}.Release|Any CPU.Build.0 = Release|Any CPU
		{926D7787-8A48-4AF3-81C5-55E6C7A9B7BE}.Debug|Any CPU.ActiveCfg = Debug|Any CPU
		{926D7787-8A48-4AF3-81C5-55E6C7A9B7BE}.Debug|Any CPU.Build.0 = Debug|Any CPU
		{926D7787-8A48-4AF3-81C5-55E6C7A9B7BE}.Release|Any CPU.ActiveCfg = Release|Any CPU
		{926D7787-8A48-4AF3-81C5-55E6C7A9B7BE}.Release|Any CPU.Build.0 = Release|Any CPU
	EndGlobalSection
	GlobalSection(SolutionProperties) = preSolution
		HideSolutionNode = FALSE
	EndGlobalSection
	GlobalSection(ExtensibilityGlobals) = postSolution
		SolutionGuid = {24F5E14C-54E0-4A12-AD21-D9AED810CB50}
	EndGlobalSection
EndGlobal
